{
  "originHash" : "fe80d800fd3546609c8e9654610353e79fda7758e5303f523f9d300219eddff7",
  "pins" : [
    {
      "identity" : "rive-ios",
      "kind" : "remoteSourceControl",
      "location" : "https://github.com/rive-app/rive-ios.git",
      "state" : {
        "revision" : "800afbdfdbc1900ac8b0430eb48fa5eda0bedc58",
        "version" : "5.13.2"
      }
    }
  ],
  "version" : 3
}
